// !$*UTF8*$!
{
	archiveVersion = 1;
	classes = {
	};
	objectVersion = 46;
	objects = {

/* Begin PBXBuildFile section */
		BB1BE86013AAE76A0093BAA9 /* provisionalloading.png in Resources */ = {isa = PBXBuildFile; fileRef = BB1BE85F13AAE76A0093BAA9 /* provisionalloading.png */; };
		BB3ACD0C138DCA8E00F238A3 /* OpenDocentCameraController.m in Sources */ = {isa = PBXBuildFile; fileRef = BB3ACD0B138DCA8E00F238A3 /* OpenDocentCameraController.m */; };
		BB3ACD0F138DCADA00F238A3 /* MediaPlayer.framework in Frameworks */ = {isa = PBXBuildFile; fileRef = BB3ACD0E138DCADA00F238A3 /* MediaPlayer.framework */; };
		BB4EC2BE13A2C86E0007DD24 /* ArtPieceImageLoader.m in Sources */ = {isa = PBXBuildFile; fileRef = BB4EC2BD13A2C86E0007DD24 /* ArtPieceImageLoader.m */; };
		BB87EAD313E34A2600CDF37C /* MapViewControllerTests.m in Sources */ = {isa = PBXBuildFile; fileRef = BBB3DA0A13E3475D004C500F /* MapViewControllerTests.m */; };
		BB87EAD513E3506400CDF37C /* MapViewController.xib in Resources */ = {isa = PBXBuildFile; fileRef = BB87EAD413E3506400CDF37C /* MapViewController.xib */; };
		BB87EAD913E3681D00CDF37C /* CoreLocation.framework in Frameworks */ = {isa = PBXBuildFile; fileRef = BB87EAD813E3681D00CDF37C /* CoreLocation.framework */; };
		BB87EAE413E36F1300CDF37C /* ArtPieceAnnotation.m in Sources */ = {isa = PBXBuildFile; fileRef = BB87EAE313E36F1300CDF37C /* ArtPieceAnnotation.m */; };
		BB87F71513E3281000B32663 /* ArtPiece.m in Sources */ = {isa = PBXBuildFile; fileRef = BB87F71413E3281000B32663 /* ArtPiece.m */; };
		BB87F71813E3281000B32663 /* PieceImage.m in Sources */ = {isa = PBXBuildFile; fileRef = BB87F71713E3281000B32663 /* PieceImage.m */; };
		BB87F72613E3343800B32663 /* MapViewController.m in Sources */ = {isa = PBXBuildFile; fileRef = BB87F72513E3343700B32663 /* MapViewController.m */; };
		BB9A4A2A138C8B3500FF23DA /* SSTableViewCell.m in Sources */ = {isa = PBXBuildFile; fileRef = BB9A4A29138C8B3500FF23DA /* SSTableViewCell.m */; };
		BB9A4A2D138C8BEF00FF23DA /* ArtPieceTableViewCell.m in Sources */ = {isa = PBXBuildFile; fileRef = BB9A4A2C138C8BEE00FF23DA /* ArtPieceTableViewCell.m */; };
		BBB3DA0813E344A7004C500F /* MapKit.framework in Frameworks */ = {isa = PBXBuildFile; fileRef = BBB3DA0713E344A7004C500F /* MapKit.framework */; };
		BBB9E05B13874B0000567AD4 /* ASIAuthenticationDialog.m in Sources */ = {isa = PBXBuildFile; fileRef = BBB9E04813874B0000567AD4 /* ASIAuthenticationDialog.m */; };
		BBB9E05C13874B0000567AD4 /* ASIDataCompressor.m in Sources */ = {isa = PBXBuildFile; fileRef = BBB9E04B13874B0000567AD4 /* ASIDataCompressor.m */; };
		BBB9E05D13874B0000567AD4 /* ASIDataDecompressor.m in Sources */ = {isa = PBXBuildFile; fileRef = BBB9E04D13874B0000567AD4 /* ASIDataDecompressor.m */; };
		BBB9E05E13874B0000567AD4 /* ASIDownloadCache.m in Sources */ = {isa = PBXBuildFile; fileRef = BBB9E04F13874B0000567AD4 /* ASIDownloadCache.m */; };
		BBB9E05F13874B0000567AD4 /* ASIFormDataRequest.m in Sources */ = {isa = PBXBuildFile; fileRef = BBB9E05113874B0000567AD4 /* ASIFormDataRequest.m */; };
		BBB9E06013874B0000567AD4 /* ASIHTTPRequest.m in Sources */ = {isa = PBXBuildFile; fileRef = BBB9E05313874B0000567AD4 /* ASIHTTPRequest.m */; };
		BBB9E06113874B0000567AD4 /* ASIInputStream.m in Sources */ = {isa = PBXBuildFile; fileRef = BBB9E05713874B0000567AD4 /* ASIInputStream.m */; };
		BBB9E06213874B0000567AD4 /* ASINetworkQueue.m in Sources */ = {isa = PBXBuildFile; fileRef = BBB9E05913874B0000567AD4 /* ASINetworkQueue.m */; };
		BBB9E06613874B1600567AD4 /* Reachability.m in Sources */ = {isa = PBXBuildFile; fileRef = BBB9E06513874B1600567AD4 /* Reachability.m */; };
		BBB9E07B13874B3500567AD4 /* NSObject+JSON.m in Sources */ = {isa = PBXBuildFile; fileRef = BBB9E06A13874B3500567AD4 /* NSObject+JSON.m */; };
		BBB9E07C13874B3500567AD4 /* SBJsonParser.m in Sources */ = {isa = PBXBuildFile; fileRef = BBB9E06C13874B3500567AD4 /* SBJsonParser.m */; };
		BBB9E07D13874B3500567AD4 /* SBJsonStreamParser.m in Sources */ = {isa = PBXBuildFile; fileRef = BBB9E06E13874B3500567AD4 /* SBJsonStreamParser.m */; };
		BBB9E07E13874B3500567AD4 /* SBJsonStreamParserAdapter.m in Sources */ = {isa = PBXBuildFile; fileRef = BBB9E07013874B3500567AD4 /* SBJsonStreamParserAdapter.m */; };
		BBB9E07F13874B3500567AD4 /* SBJsonStreamParserState.m in Sources */ = {isa = PBXBuildFile; fileRef = BBB9E07213874B3500567AD4 /* SBJsonStreamParserState.m */; };
		BBB9E08013874B3500567AD4 /* SBJsonStreamWriter.m in Sources */ = {isa = PBXBuildFile; fileRef = BBB9E07413874B3500567AD4 /* SBJsonStreamWriter.m */; };
		BBB9E08113874B3500567AD4 /* SBJsonStreamWriterState.m in Sources */ = {isa = PBXBuildFile; fileRef = BBB9E07613874B3500567AD4 /* SBJsonStreamWriterState.m */; };
		BBB9E08213874B3500567AD4 /* SBJsonTokeniser.m in Sources */ = {isa = PBXBuildFile; fileRef = BBB9E07813874B3500567AD4 /* SBJsonTokeniser.m */; };
		BBB9E08313874B3500567AD4 /* SBJsonWriter.m in Sources */ = {isa = PBXBuildFile; fileRef = BBB9E07A13874B3500567AD4 /* SBJsonWriter.m */; };
		BBB9E08513874B5D00567AD4 /* CFNetwork.framework in Frameworks */ = {isa = PBXBuildFile; fileRef = BBB9E08413874B5D00567AD4 /* CFNetwork.framework */; };
		BBB9E08713874B7700567AD4 /* SystemConfiguration.framework in Frameworks */ = {isa = PBXBuildFile; fileRef = BBB9E08613874B7700567AD4 /* SystemConfiguration.framework */; };
		BBB9E08913874B8800567AD4 /* MobileCoreServices.framework in Frameworks */ = {isa = PBXBuildFile; fileRef = BBB9E08813874B8800567AD4 /* MobileCoreServices.framework */; };
		BBB9E08B13874B9A00567AD4 /* libz.1.2.3.dylib in Frameworks */ = {isa = PBXBuildFile; fileRef = BBB9E08A13874B9A00567AD4 /* libz.1.2.3.dylib */; };
		BBC6EA511386E76D005ABA45 /* ArtPiecesViewController.m in Sources */ = {isa = PBXBuildFile; fileRef = BBC6EA4F1386E76D005ABA45 /* ArtPiecesViewController.m */; };
		BBC6EA541386E78F005ABA45 /* ArtPieceDetailController.m in Sources */ = {isa = PBXBuildFile; fileRef = BBC6EA531386E78F005ABA45 /* ArtPieceDetailController.m */; };
		BBCDA82013D9F81100E98F00 /* SDImageCache.m in Sources */ = {isa = PBXBuildFile; fileRef = BBCDA81513D9F81100E98F00 /* SDImageCache.m */; };
		BBCDA82113D9F81100E98F00 /* SDWebImageDownloader.m in Sources */ = {isa = PBXBuildFile; fileRef = BBCDA81913D9F81100E98F00 /* SDWebImageDownloader.m */; };
		BBCDA82213D9F81100E98F00 /* SDWebImageManager.m in Sources */ = {isa = PBXBuildFile; fileRef = BBCDA81C13D9F81100E98F00 /* SDWebImageManager.m */; };
		BBCDA82313D9F81100E98F00 /* UIImageView+WebCache.m in Sources */ = {isa = PBXBuildFile; fileRef = BBCDA81F13D9F81100E98F00 /* UIImageView+WebCache.m */; };
		BBE057EA1386E2D60082D3BE /* UIKit.framework in Frameworks */ = {isa = PBXBuildFile; fileRef = BBE057E91386E2D60082D3BE /* UIKit.framework */; };
		BBE057EC1386E2D60082D3BE /* Foundation.framework in Frameworks */ = {isa = PBXBuildFile; fileRef = BBE057EB1386E2D60082D3BE /* Foundation.framework */; };
		BBE057EE1386E2D60082D3BE /* CoreGraphics.framework in Frameworks */ = {isa = PBXBuildFile; fileRef = BBE057ED1386E2D60082D3BE /* CoreGraphics.framework */; };
		BBE057F01386E2D60082D3BE /* CoreData.framework in Frameworks */ = {isa = PBXBuildFile; fileRef = BBE057EF1386E2D60082D3BE /* CoreData.framework */; };
		BBE057F61386E2D60082D3BE /* InfoPlist.strings in Resources */ = {isa = PBXBuildFile; fileRef = BBE057F41386E2D60082D3BE /* InfoPlist.strings */; };
		BBE057F91386E2D60082D3BE /* main.m in Sources */ = {isa = PBXBuildFile; fileRef = BBE057F81386E2D60082D3BE /* main.m */; };
		BBE057FC1386E2D60082D3BE /* OpenDocentAppDelegate.m in Sources */ = {isa = PBXBuildFile; fileRef = BBE057FB1386E2D60082D3BE /* OpenDocentAppDelegate.m */; };
		BBE057FF1386E2D70082D3BE /* MainWindow.xib in Resources */ = {isa = PBXBuildFile; fileRef = BBE057FD1386E2D70082D3BE /* MainWindow.xib */; };
		BBE058021386E2D70082D3BE /* OpenDocent.xcdatamodeld in Sources */ = {isa = PBXBuildFile; fileRef = BBE058001386E2D70082D3BE /* OpenDocent.xcdatamodeld */; };
		BBE058091386E2D70082D3BE /* UIKit.framework in Frameworks */ = {isa = PBXBuildFile; fileRef = BBE057E91386E2D60082D3BE /* UIKit.framework */; };
		BBE0580A1386E2D70082D3BE /* Foundation.framework in Frameworks */ = {isa = PBXBuildFile; fileRef = BBE057EB1386E2D60082D3BE /* Foundation.framework */; };
		BBE0580B1386E2D70082D3BE /* CoreGraphics.framework in Frameworks */ = {isa = PBXBuildFile; fileRef = BBE057ED1386E2D60082D3BE /* CoreGraphics.framework */; };
		BBE0580C1386E2D70082D3BE /* CoreData.framework in Frameworks */ = {isa = PBXBuildFile; fileRef = BBE057EF1386E2D60082D3BE /* CoreData.framework */; };
		BBE058141386E2D70082D3BE /* InfoPlist.strings in Resources */ = {isa = PBXBuildFile; fileRef = BBE058121386E2D70082D3BE /* InfoPlist.strings */; };
		BBE058171386E2D70082D3BE /* OpenDocentTests.h in Resources */ = {isa = PBXBuildFile; fileRef = BBE058161386E2D70082D3BE /* OpenDocentTests.h */; };
		BBE058191386E2D70082D3BE /* OpenDocentTests.m in Sources */ = {isa = PBXBuildFile; fileRef = BBE058181386E2D70082D3BE /* OpenDocentTests.m */; };
		BBE058351386E3750082D3BE /* 11-x.png in Resources */ = {isa = PBXBuildFile; fileRef = BBE0582B1386E3750082D3BE /* 11-x.png */; };
		BBE058361386E3750082D3BE /* 19-check.png in Resources */ = {isa = PBXBuildFile; fileRef = BBE0582C1386E3750082D3BE /* 19-check.png */; };
		BBE058371386E3750082D3BE /* 103-map.png in Resources */ = {isa = PBXBuildFile; fileRef = BBE0582D1386E3750082D3BE /* 103-map.png */; };
		BBE058381386E3750082D3BE /* 121-landscape.png in Resources */ = {isa = PBXBuildFile; fileRef = BBE0582E1386E3750082D3BE /* 121-landscape.png */; };
		BBE058391386E3750082D3BE /* 122-stats.png in Resources */ = {isa = PBXBuildFile; fileRef = BBE0582F1386E3750082D3BE /* 122-stats.png */; };
		BBE0583A1386E3750082D3BE /* 168-upload-photo-2.png in Resources */ = {isa = PBXBuildFile; fileRef = BBE058301386E3750082D3BE /* 168-upload-photo-2.png */; };
		BBE0583B1386E3750082D3BE /* Default@2x.png in Resources */ = {isa = PBXBuildFile; fileRef = BBE058311386E3750082D3BE /* Default@2x.png */; };
		BBE0583C1386E3750082D3BE /* Default.png in Resources */ = {isa = PBXBuildFile; fileRef = BBE058321386E3750082D3BE /* Default.png */; };
		BBE0583D1386E3750082D3BE /* provisionallogo_retina.png in Resources */ = {isa = PBXBuildFile; fileRef = BBE058331386E3750082D3BE /* provisionallogo_retina.png */; };
		BBE0583E1386E3750082D3BE /* provisionallogo.png in Resources */ = {isa = PBXBuildFile; fileRef = BBE058341386E3750082D3BE /* provisionallogo.png */; };
		BBE058401386E3900082D3BE /* provisionallogo.png in Resources */ = {isa = PBXBuildFile; fileRef = BBE0583F1386E3900082D3BE /* provisionallogo.png */; };
		BBE058421386E3960082D3BE /* provisionallogo_retina.png in Resources */ = {isa = PBXBuildFile; fileRef = BBE058411386E3960082D3BE /* provisionallogo_retina.png */; };
/* End PBXBuildFile section */

/* Begin PBXContainerItemProxy section */
		BBE0580D1386E2D70082D3BE /* PBXContainerItemProxy */ = {
			isa = PBXContainerItemProxy;
			containerPortal = BBE057DC1386E2D60082D3BE /* Project object */;
			proxyType = 1;
			remoteGlobalIDString = BBE057E41386E2D60082D3BE;
			remoteInfo = OpenDocent;
		};
/* End PBXContainerItemProxy section */

/* Begin PBXFileReference section */
		BB1BE85F13AAE76A0093BAA9 /* provisionalloading.png */ = {isa = PBXFileReference; lastKnownFileType = image.png; path = provisionalloading.png; sourceTree = "<group>"; };
		BB3ACD0A138DCA8E00F238A3 /* OpenDocentCameraController.h */ = {isa = PBXFileReference; fileEncoding = 4; lastKnownFileType = sourcecode.c.h; path = OpenDocentCameraController.h; sourceTree = "<group>"; };
		BB3ACD0B138DCA8E00F238A3 /* OpenDocentCameraController.m */ = {isa = PBXFileReference; fileEncoding = 4; lastKnownFileType = sourcecode.c.objc; path = OpenDocentCameraController.m; sourceTree = "<group>"; };
		BB3ACD0E138DCADA00F238A3 /* MediaPlayer.framework */ = {isa = PBXFileReference; lastKnownFileType = wrapper.framework; name = MediaPlayer.framework; path = System/Library/Frameworks/MediaPlayer.framework; sourceTree = SDKROOT; };
		BB4EC2BC13A2C86E0007DD24 /* ArtPieceImageLoader.h */ = {isa = PBXFileReference; fileEncoding = 4; lastKnownFileType = sourcecode.c.h; path = ArtPieceImageLoader.h; sourceTree = "<group>"; };
		BB4EC2BD13A2C86E0007DD24 /* ArtPieceImageLoader.m */ = {isa = PBXFileReference; fileEncoding = 4; lastKnownFileType = sourcecode.c.objc; path = ArtPieceImageLoader.m; sourceTree = "<group>"; };
		BB87EAD413E3506400CDF37C /* MapViewController.xib */ = {isa = PBXFileReference; fileEncoding = 4; lastKnownFileType = file.xib; path = MapViewController.xib; sourceTree = "<group>"; };
		BB87EAD613E367D300CDF37C /* CoreLocation.framework */ = {isa = PBXFileReference; lastKnownFileType = wrapper.framework; name = CoreLocation.framework; path = System/Library/Frameworks/CoreLocation.framework; sourceTree = SDKROOT; };
		BB87EAD813E3681D00CDF37C /* CoreLocation.framework */ = {isa = PBXFileReference; lastKnownFileType = wrapper.framework; name = CoreLocation.framework; path = System/Library/Frameworks/CoreLocation.framework; sourceTree = SDKROOT; };
		BB87EAE213E36F1300CDF37C /* ArtPieceAnnotation.h */ = {isa = PBXFileReference; fileEncoding = 4; lastKnownFileType = sourcecode.c.h; path = ArtPieceAnnotation.h; sourceTree = "<group>"; };
		BB87EAE313E36F1300CDF37C /* ArtPieceAnnotation.m */ = {isa = PBXFileReference; fileEncoding = 4; lastKnownFileType = sourcecode.c.objc; path = ArtPieceAnnotation.m; sourceTree = "<group>"; };
		BB87F71313E3281000B32663 /* ArtPiece.h */ = {isa = PBXFileReference; fileEncoding = 4; lastKnownFileType = sourcecode.c.h; path = ArtPiece.h; sourceTree = "<group>"; };
		BB87F71413E3281000B32663 /* ArtPiece.m */ = {isa = PBXFileReference; fileEncoding = 4; lastKnownFileType = sourcecode.c.objc; path = ArtPiece.m; sourceTree = "<group>"; };
		BB87F71613E3281000B32663 /* PieceImage.h */ = {isa = PBXFileReference; fileEncoding = 4; lastKnownFileType = sourcecode.c.h; path = PieceImage.h; sourceTree = "<group>"; };
		BB87F71713E3281000B32663 /* PieceImage.m */ = {isa = PBXFileReference; fileEncoding = 4; lastKnownFileType = sourcecode.c.objc; path = PieceImage.m; sourceTree = "<group>"; };
		BB87F72413E3343700B32663 /* MapViewController.h */ = {isa = PBXFileReference; fileEncoding = 4; lastKnownFileType = sourcecode.c.h; path = MapViewController.h; sourceTree = "<group>"; };
		BB87F72513E3343700B32663 /* MapViewController.m */ = {isa = PBXFileReference; fileEncoding = 4; lastKnownFileType = sourcecode.c.objc; path = MapViewController.m; sourceTree = "<group>"; };
		BB9A4A28138C8B3500FF23DA /* SSTableViewCell.h */ = {isa = PBXFileReference; fileEncoding = 4; lastKnownFileType = sourcecode.c.h; path = SSTableViewCell.h; sourceTree = "<group>"; };
		BB9A4A29138C8B3500FF23DA /* SSTableViewCell.m */ = {isa = PBXFileReference; fileEncoding = 4; lastKnownFileType = sourcecode.c.objc; path = SSTableViewCell.m; sourceTree = "<group>"; };
		BB9A4A2B138C8BEE00FF23DA /* ArtPieceTableViewCell.h */ = {isa = PBXFileReference; fileEncoding = 4; lastKnownFileType = sourcecode.c.h; path = ArtPieceTableViewCell.h; sourceTree = "<group>"; };
		BB9A4A2C138C8BEE00FF23DA /* ArtPieceTableViewCell.m */ = {isa = PBXFileReference; fileEncoding = 4; lastKnownFileType = sourcecode.c.objc; path = ArtPieceTableViewCell.m; sourceTree = "<group>"; };
		BBB3DA0713E344A7004C500F /* MapKit.framework */ = {isa = PBXFileReference; lastKnownFileType = wrapper.framework; name = MapKit.framework; path = System/Library/Frameworks/MapKit.framework; sourceTree = SDKROOT; };
		BBB3DA0913E3475D004C500F /* MapViewControllerTests.h */ = {isa = PBXFileReference; fileEncoding = 4; lastKnownFileType = sourcecode.c.h; path = MapViewControllerTests.h; sourceTree = "<group>"; };
		BBB3DA0A13E3475D004C500F /* MapViewControllerTests.m */ = {isa = PBXFileReference; fileEncoding = 4; lastKnownFileType = sourcecode.c.objc; path = MapViewControllerTests.m; sourceTree = "<group>"; };
		BBB9E04713874B0000567AD4 /* ASIAuthenticationDialog.h */ = {isa = PBXFileReference; fileEncoding = 4; lastKnownFileType = sourcecode.c.h; path = ASIAuthenticationDialog.h; sourceTree = "<group>"; };
		BBB9E04813874B0000567AD4 /* ASIAuthenticationDialog.m */ = {isa = PBXFileReference; fileEncoding = 4; lastKnownFileType = sourcecode.c.objc; path = ASIAuthenticationDialog.m; sourceTree = "<group>"; };
		BBB9E04913874B0000567AD4 /* ASICacheDelegate.h */ = {isa = PBXFileReference; fileEncoding = 4; lastKnownFileType = sourcecode.c.h; path = ASICacheDelegate.h; sourceTree = "<group>"; };
		BBB9E04A13874B0000567AD4 /* ASIDataCompressor.h */ = {isa = PBXFileReference; fileEncoding = 4; lastKnownFileType = sourcecode.c.h; path = ASIDataCompressor.h; sourceTree = "<group>"; };
		BBB9E04B13874B0000567AD4 /* ASIDataCompressor.m */ = {isa = PBXFileReference; fileEncoding = 4; lastKnownFileType = sourcecode.c.objc; path = ASIDataCompressor.m; sourceTree = "<group>"; };
		BBB9E04C13874B0000567AD4 /* ASIDataDecompressor.h */ = {isa = PBXFileReference; fileEncoding = 4; lastKnownFileType = sourcecode.c.h; path = ASIDataDecompressor.h; sourceTree = "<group>"; };
		BBB9E04D13874B0000567AD4 /* ASIDataDecompressor.m */ = {isa = PBXFileReference; fileEncoding = 4; lastKnownFileType = sourcecode.c.objc; path = ASIDataDecompressor.m; sourceTree = "<group>"; };
		BBB9E04E13874B0000567AD4 /* ASIDownloadCache.h */ = {isa = PBXFileReference; fileEncoding = 4; lastKnownFileType = sourcecode.c.h; path = ASIDownloadCache.h; sourceTree = "<group>"; };
		BBB9E04F13874B0000567AD4 /* ASIDownloadCache.m */ = {isa = PBXFileReference; fileEncoding = 4; lastKnownFileType = sourcecode.c.objc; path = ASIDownloadCache.m; sourceTree = "<group>"; };
		BBB9E05013874B0000567AD4 /* ASIFormDataRequest.h */ = {isa = PBXFileReference; fileEncoding = 4; lastKnownFileType = sourcecode.c.h; path = ASIFormDataRequest.h; sourceTree = "<group>"; };
		BBB9E05113874B0000567AD4 /* ASIFormDataRequest.m */ = {isa = PBXFileReference; fileEncoding = 4; lastKnownFileType = sourcecode.c.objc; path = ASIFormDataRequest.m; sourceTree = "<group>"; };
		BBB9E05213874B0000567AD4 /* ASIHTTPRequest.h */ = {isa = PBXFileReference; fileEncoding = 4; lastKnownFileType = sourcecode.c.h; path = ASIHTTPRequest.h; sourceTree = "<group>"; };
		BBB9E05313874B0000567AD4 /* ASIHTTPRequest.m */ = {isa = PBXFileReference; fileEncoding = 4; lastKnownFileType = sourcecode.c.objc; path = ASIHTTPRequest.m; sourceTree = "<group>"; };
		BBB9E05413874B0000567AD4 /* ASIHTTPRequestConfig.h */ = {isa = PBXFileReference; fileEncoding = 4; lastKnownFileType = sourcecode.c.h; path = ASIHTTPRequestConfig.h; sourceTree = "<group>"; };
		BBB9E05513874B0000567AD4 /* ASIHTTPRequestDelegate.h */ = {isa = PBXFileReference; fileEncoding = 4; lastKnownFileType = sourcecode.c.h; path = ASIHTTPRequestDelegate.h; sourceTree = "<group>"; };
		BBB9E05613874B0000567AD4 /* ASIInputStream.h */ = {isa = PBXFileReference; fileEncoding = 4; lastKnownFileType = sourcecode.c.h; path = ASIInputStream.h; sourceTree = "<group>"; };
		BBB9E05713874B0000567AD4 /* ASIInputStream.m */ = {isa = PBXFileReference; fileEncoding = 4; lastKnownFileType = sourcecode.c.objc; path = ASIInputStream.m; sourceTree = "<group>"; };
		BBB9E05813874B0000567AD4 /* ASINetworkQueue.h */ = {isa = PBXFileReference; fileEncoding = 4; lastKnownFileType = sourcecode.c.h; path = ASINetworkQueue.h; sourceTree = "<group>"; };
		BBB9E05913874B0000567AD4 /* ASINetworkQueue.m */ = {isa = PBXFileReference; fileEncoding = 4; lastKnownFileType = sourcecode.c.objc; path = ASINetworkQueue.m; sourceTree = "<group>"; };
		BBB9E05A13874B0000567AD4 /* ASIProgressDelegate.h */ = {isa = PBXFileReference; fileEncoding = 4; lastKnownFileType = sourcecode.c.h; path = ASIProgressDelegate.h; sourceTree = "<group>"; };
		BBB9E06413874B1600567AD4 /* Reachability.h */ = {isa = PBXFileReference; fileEncoding = 4; lastKnownFileType = sourcecode.c.h; path = Reachability.h; sourceTree = "<group>"; };
		BBB9E06513874B1600567AD4 /* Reachability.m */ = {isa = PBXFileReference; fileEncoding = 4; lastKnownFileType = sourcecode.c.objc; path = Reachability.m; sourceTree = "<group>"; };
		BBB9E06813874B3500567AD4 /* JSON.h */ = {isa = PBXFileReference; fileEncoding = 4; lastKnownFileType = sourcecode.c.h; path = JSON.h; sourceTree = "<group>"; };
		BBB9E06913874B3500567AD4 /* NSObject+JSON.h */ = {isa = PBXFileReference; fileEncoding = 4; lastKnownFileType = sourcecode.c.h; path = "NSObject+JSON.h"; sourceTree = "<group>"; };
		BBB9E06A13874B3500567AD4 /* NSObject+JSON.m */ = {isa = PBXFileReference; fileEncoding = 4; lastKnownFileType = sourcecode.c.objc; path = "NSObject+JSON.m"; sourceTree = "<group>"; };
		BBB9E06B13874B3500567AD4 /* SBJsonParser.h */ = {isa = PBXFileReference; fileEncoding = 4; lastKnownFileType = sourcecode.c.h; path = SBJsonParser.h; sourceTree = "<group>"; };
		BBB9E06C13874B3500567AD4 /* SBJsonParser.m */ = {isa = PBXFileReference; fileEncoding = 4; lastKnownFileType = sourcecode.c.objc; path = SBJsonParser.m; sourceTree = "<group>"; };
		BBB9E06D13874B3500567AD4 /* SBJsonStreamParser.h */ = {isa = PBXFileReference; fileEncoding = 4; lastKnownFileType = sourcecode.c.h; path = SBJsonStreamParser.h; sourceTree = "<group>"; };
		BBB9E06E13874B3500567AD4 /* SBJsonStreamParser.m */ = {isa = PBXFileReference; fileEncoding = 4; lastKnownFileType = sourcecode.c.objc; path = SBJsonStreamParser.m; sourceTree = "<group>"; };
		BBB9E06F13874B3500567AD4 /* SBJsonStreamParserAdapter.h */ = {isa = PBXFileReference; fileEncoding = 4; lastKnownFileType = sourcecode.c.h; path = SBJsonStreamParserAdapter.h; sourceTree = "<group>"; };
		BBB9E07013874B3500567AD4 /* SBJsonStreamParserAdapter.m */ = {isa = PBXFileReference; fileEncoding = 4; lastKnownFileType = sourcecode.c.objc; path = SBJsonStreamParserAdapter.m; sourceTree = "<group>"; };
		BBB9E07113874B3500567AD4 /* SBJsonStreamParserState.h */ = {isa = PBXFileReference; fileEncoding = 4; lastKnownFileType = sourcecode.c.h; path = SBJsonStreamParserState.h; sourceTree = "<group>"; };
		BBB9E07213874B3500567AD4 /* SBJsonStreamParserState.m */ = {isa = PBXFileReference; fileEncoding = 4; lastKnownFileType = sourcecode.c.objc; path = SBJsonStreamParserState.m; sourceTree = "<group>"; };
		BBB9E07313874B3500567AD4 /* SBJsonStreamWriter.h */ = {isa = PBXFileReference; fileEncoding = 4; lastKnownFileType = sourcecode.c.h; path = SBJsonStreamWriter.h; sourceTree = "<group>"; };
		BBB9E07413874B3500567AD4 /* SBJsonStreamWriter.m */ = {isa = PBXFileReference; fileEncoding = 4; lastKnownFileType = sourcecode.c.objc; path = SBJsonStreamWriter.m; sourceTree = "<group>"; };
		BBB9E07513874B3500567AD4 /* SBJsonStreamWriterState.h */ = {isa = PBXFileReference; fileEncoding = 4; lastKnownFileType = sourcecode.c.h; path = SBJsonStreamWriterState.h; sourceTree = "<group>"; };
		BBB9E07613874B3500567AD4 /* SBJsonStreamWriterState.m */ = {isa = PBXFileReference; fileEncoding = 4; lastKnownFileType = sourcecode.c.objc; path = SBJsonStreamWriterState.m; sourceTree = "<group>"; };
		BBB9E07713874B3500567AD4 /* SBJsonTokeniser.h */ = {isa = PBXFileReference; fileEncoding = 4; lastKnownFileType = sourcecode.c.h; path = SBJsonTokeniser.h; sourceTree = "<group>"; };
		BBB9E07813874B3500567AD4 /* SBJsonTokeniser.m */ = {isa = PBXFileReference; fileEncoding = 4; lastKnownFileType = sourcecode.c.objc; path = SBJsonTokeniser.m; sourceTree = "<group>"; };
		BBB9E07913874B3500567AD4 /* SBJsonWriter.h */ = {isa = PBXFileReference; fileEncoding = 4; lastKnownFileType = sourcecode.c.h; path = SBJsonWriter.h; sourceTree = "<group>"; };
		BBB9E07A13874B3500567AD4 /* SBJsonWriter.m */ = {isa = PBXFileReference; fileEncoding = 4; lastKnownFileType = sourcecode.c.objc; path = SBJsonWriter.m; sourceTree = "<group>"; };
		BBB9E08413874B5D00567AD4 /* CFNetwork.framework */ = {isa = PBXFileReference; lastKnownFileType = wrapper.framework; name = CFNetwork.framework; path = System/Library/Frameworks/CFNetwork.framework; sourceTree = SDKROOT; };
		BBB9E08613874B7700567AD4 /* SystemConfiguration.framework */ = {isa = PBXFileReference; lastKnownFileType = wrapper.framework; name = SystemConfiguration.framework; path = System/Library/Frameworks/SystemConfiguration.framework; sourceTree = SDKROOT; };
		BBB9E08813874B8800567AD4 /* MobileCoreServices.framework */ = {isa = PBXFileReference; lastKnownFileType = wrapper.framework; name = MobileCoreServices.framework; path = System/Library/Frameworks/MobileCoreServices.framework; sourceTree = SDKROOT; };
		BBB9E08A13874B9A00567AD4 /* libz.1.2.3.dylib */ = {isa = PBXFileReference; lastKnownFileType = "compiled.mach-o.dylib"; name = libz.1.2.3.dylib; path = usr/lib/libz.1.2.3.dylib; sourceTree = SDKROOT; };
		BBC6EA4D1386E76D005ABA45 /* ArtPieceDetailController.h */ = {isa = PBXFileReference; fileEncoding = 4; lastKnownFileType = sourcecode.c.h; path = ArtPieceDetailController.h; sourceTree = "<group>"; };
		BBC6EA4E1386E76D005ABA45 /* ArtPiecesViewController.h */ = {isa = PBXFileReference; fileEncoding = 4; lastKnownFileType = sourcecode.c.h; path = ArtPiecesViewController.h; sourceTree = "<group>"; };
		BBC6EA4F1386E76D005ABA45 /* ArtPiecesViewController.m */ = {isa = PBXFileReference; fileEncoding = 4; lastKnownFileType = sourcecode.c.objc; path = ArtPiecesViewController.m; sourceTree = "<group>"; };
		BBC6EA531386E78F005ABA45 /* ArtPieceDetailController.m */ = {isa = PBXFileReference; fileEncoding = 4; lastKnownFileType = sourcecode.c.objc; path = ArtPieceDetailController.m; sourceTree = "<group>"; };
		BBCDA81413D9F81100E98F00 /* SDImageCache.h */ = {isa = PBXFileReference; fileEncoding = 4; lastKnownFileType = sourcecode.c.h; path = SDImageCache.h; sourceTree = "<group>"; };
		BBCDA81513D9F81100E98F00 /* SDImageCache.m */ = {isa = PBXFileReference; fileEncoding = 4; lastKnownFileType = sourcecode.c.objc; path = SDImageCache.m; sourceTree = "<group>"; };
		BBCDA81613D9F81100E98F00 /* SDImageCacheDelegate.h */ = {isa = PBXFileReference; fileEncoding = 4; lastKnownFileType = sourcecode.c.h; path = SDImageCacheDelegate.h; sourceTree = "<group>"; };
		BBCDA81713D9F81100E98F00 /* SDWebImageCompat.h */ = {isa = PBXFileReference; fileEncoding = 4; lastKnownFileType = sourcecode.c.h; path = SDWebImageCompat.h; sourceTree = "<group>"; };
		BBCDA81813D9F81100E98F00 /* SDWebImageDownloader.h */ = {isa = PBXFileReference; fileEncoding = 4; lastKnownFileType = sourcecode.c.h; path = SDWebImageDownloader.h; sourceTree = "<group>"; };
		BBCDA81913D9F81100E98F00 /* SDWebImageDownloader.m */ = {isa = PBXFileReference; fileEncoding = 4; lastKnownFileType = sourcecode.c.objc; path = SDWebImageDownloader.m; sourceTree = "<group>"; };
		BBCDA81A13D9F81100E98F00 /* SDWebImageDownloaderDelegate.h */ = {isa = PBXFileReference; fileEncoding = 4; lastKnownFileType = sourcecode.c.h; path = SDWebImageDownloaderDelegate.h; sourceTree = "<group>"; };
		BBCDA81B13D9F81100E98F00 /* SDWebImageManager.h */ = {isa = PBXFileReference; fileEncoding = 4; lastKnownFileType = sourcecode.c.h; path = SDWebImageManager.h; sourceTree = "<group>"; };
		BBCDA81C13D9F81100E98F00 /* SDWebImageManager.m */ = {isa = PBXFileReference; fileEncoding = 4; lastKnownFileType = sourcecode.c.objc; path = SDWebImageManager.m; sourceTree = "<group>"; };
		BBCDA81D13D9F81100E98F00 /* SDWebImageManagerDelegate.h */ = {isa = PBXFileReference; fileEncoding = 4; lastKnownFileType = sourcecode.c.h; path = SDWebImageManagerDelegate.h; sourceTree = "<group>"; };
		BBCDA81E13D9F81100E98F00 /* UIImageView+WebCache.h */ = {isa = PBXFileReference; fileEncoding = 4; lastKnownFileType = sourcecode.c.h; path = "UIImageView+WebCache.h"; sourceTree = "<group>"; };
		BBCDA81F13D9F81100E98F00 /* UIImageView+WebCache.m */ = {isa = PBXFileReference; fileEncoding = 4; lastKnownFileType = sourcecode.c.objc; path = "UIImageView+WebCache.m"; sourceTree = "<group>"; };
		BBE057E51386E2D60082D3BE /* OpenDocent.app */ = {isa = PBXFileReference; explicitFileType = wrapper.application; includeInIndex = 0; path = OpenDocent.app; sourceTree = BUILT_PRODUCTS_DIR; };
		BBE057E91386E2D60082D3BE /* UIKit.framework */ = {isa = PBXFileReference; lastKnownFileType = wrapper.framework; name = UIKit.framework; path = System/Library/Frameworks/UIKit.framework; sourceTree = SDKROOT; };
		BBE057EB1386E2D60082D3BE /* Foundation.framework */ = {isa = PBXFileReference; lastKnownFileType = wrapper.framework; name = Foundation.framework; path = System/Library/Frameworks/Foundation.framework; sourceTree = SDKROOT; };
		BBE057ED1386E2D60082D3BE /* CoreGraphics.framework */ = {isa = PBXFileReference; lastKnownFileType = wrapper.framework; name = CoreGraphics.framework; path = System/Library/Frameworks/CoreGraphics.framework; sourceTree = SDKROOT; };
		BBE057EF1386E2D60082D3BE /* CoreData.framework */ = {isa = PBXFileReference; lastKnownFileType = wrapper.framework; name = CoreData.framework; path = System/Library/Frameworks/CoreData.framework; sourceTree = SDKROOT; };
		BBE057F31386E2D60082D3BE /* OpenDocent-Info.plist */ = {isa = PBXFileReference; lastKnownFileType = text.plist.xml; path = "OpenDocent-Info.plist"; sourceTree = "<group>"; };
		BBE057F51386E2D60082D3BE /* en */ = {isa = PBXFileReference; lastKnownFileType = text.plist.strings; name = en; path = en.lproj/InfoPlist.strings; sourceTree = "<group>"; };
		BBE057F71386E2D60082D3BE /* OpenDocent-Prefix.pch */ = {isa = PBXFileReference; lastKnownFileType = sourcecode.c.h; path = "OpenDocent-Prefix.pch"; sourceTree = "<group>"; };
		BBE057F81386E2D60082D3BE /* main.m */ = {isa = PBXFileReference; lastKnownFileType = sourcecode.c.objc; path = main.m; sourceTree = "<group>"; };
		BBE057FA1386E2D60082D3BE /* OpenDocentAppDelegate.h */ = {isa = PBXFileReference; lastKnownFileType = sourcecode.c.h; path = OpenDocentAppDelegate.h; sourceTree = "<group>"; };
		BBE057FB1386E2D60082D3BE /* OpenDocentAppDelegate.m */ = {isa = PBXFileReference; lastKnownFileType = sourcecode.c.objc; path = OpenDocentAppDelegate.m; sourceTree = "<group>"; };
		BBE057FE1386E2D70082D3BE /* en */ = {isa = PBXFileReference; lastKnownFileType = file.xib; name = en; path = en.lproj/MainWindow.xib; sourceTree = "<group>"; };
		BBE058011386E2D70082D3BE /* OpenDocent.xcdatamodel */ = {isa = PBXFileReference; lastKnownFileType = wrapper.xcdatamodel; path = OpenDocent.xcdatamodel; sourceTree = "<group>"; };
		BBE058081386E2D70082D3BE /* OpenDocentTests.octest */ = {isa = PBXFileReference; explicitFileType = wrapper.cfbundle; includeInIndex = 0; path = OpenDocentTests.octest; sourceTree = BUILT_PRODUCTS_DIR; };
		BBE058111386E2D70082D3BE /* OpenDocentTests-Info.plist */ = {isa = PBXFileReference; lastKnownFileType = text.plist.xml; path = "OpenDocentTests-Info.plist"; sourceTree = "<group>"; };
		BBE058131386E2D70082D3BE /* en */ = {isa = PBXFileReference; lastKnownFileType = text.plist.strings; name = en; path = en.lproj/InfoPlist.strings; sourceTree = "<group>"; };
		BBE058151386E2D70082D3BE /* OpenDocentTests-Prefix.pch */ = {isa = PBXFileReference; lastKnownFileType = sourcecode.c.h; path = "OpenDocentTests-Prefix.pch"; sourceTree = "<group>"; };
		BBE058161386E2D70082D3BE /* OpenDocentTests.h */ = {isa = PBXFileReference; lastKnownFileType = sourcecode.c.h; path = OpenDocentTests.h; sourceTree = "<group>"; };
		BBE058181386E2D70082D3BE /* OpenDocentTests.m */ = {isa = PBXFileReference; lastKnownFileType = sourcecode.c.objc; path = OpenDocentTests.m; sourceTree = "<group>"; };
		BBE0582B1386E3750082D3BE /* 11-x.png */ = {isa = PBXFileReference; lastKnownFileType = image.png; path = "11-x.png"; sourceTree = "<group>"; };
		BBE0582C1386E3750082D3BE /* 19-check.png */ = {isa = PBXFileReference; lastKnownFileType = image.png; path = "19-check.png"; sourceTree = "<group>"; };
		BBE0582D1386E3750082D3BE /* 103-map.png */ = {isa = PBXFileReference; lastKnownFileType = image.png; path = "103-map.png"; sourceTree = "<group>"; };
		BBE0582E1386E3750082D3BE /* 121-landscape.png */ = {isa = PBXFileReference; lastKnownFileType = image.png; path = "121-landscape.png"; sourceTree = "<group>"; };
		BBE0582F1386E3750082D3BE /* 122-stats.png */ = {isa = PBXFileReference; lastKnownFileType = image.png; path = "122-stats.png"; sourceTree = "<group>"; };
		BBE058301386E3750082D3BE /* 168-upload-photo-2.png */ = {isa = PBXFileReference; lastKnownFileType = image.png; path = "168-upload-photo-2.png"; sourceTree = "<group>"; };
		BBE058311386E3750082D3BE /* Default@2x.png */ = {isa = PBXFileReference; lastKnownFileType = image.png; path = "Default@2x.png"; sourceTree = "<group>"; };
		BBE058321386E3750082D3BE /* Default.png */ = {isa = PBXFileReference; lastKnownFileType = image.png; path = Default.png; sourceTree = "<group>"; };
		BBE058331386E3750082D3BE /* provisionallogo_retina.png */ = {isa = PBXFileReference; lastKnownFileType = image.png; path = provisionallogo_retina.png; sourceTree = "<group>"; };
		BBE058341386E3750082D3BE /* provisionallogo.png */ = {isa = PBXFileReference; lastKnownFileType = image.png; path = provisionallogo.png; sourceTree = "<group>"; };
		BBE0583F1386E3900082D3BE /* provisionallogo.png */ = {isa = PBXFileReference; lastKnownFileType = image.png; path = provisionallogo.png; sourceTree = "<group>"; };
		BBE058411386E3960082D3BE /* provisionallogo_retina.png */ = {isa = PBXFileReference; lastKnownFileType = image.png; path = provisionallogo_retina.png; sourceTree = "<group>"; };
/* End PBXFileReference section */

/* Begin PBXFrameworksBuildPhase section */
		BBE057E21386E2D60082D3BE /* Frameworks */ = {
			isa = PBXFrameworksBuildPhase;
			buildActionMask = 2147483647;
			files = (
				BB87EAD913E3681D00CDF37C /* CoreLocation.framework in Frameworks */,
				BBB3DA0813E344A7004C500F /* MapKit.framework in Frameworks */,
				BB3ACD0F138DCADA00F238A3 /* MediaPlayer.framework in Frameworks */,
				BBB9E08B13874B9A00567AD4 /* libz.1.2.3.dylib in Frameworks */,
				BBB9E08913874B8800567AD4 /* MobileCoreServices.framework in Frameworks */,
				BBB9E08713874B7700567AD4 /* SystemConfiguration.framework in Frameworks */,
				BBB9E08513874B5D00567AD4 /* CFNetwork.framework in Frameworks */,
				BBE057EA1386E2D60082D3BE /* UIKit.framework in Frameworks */,
				BBE057EC1386E2D60082D3BE /* Foundation.framework in Frameworks */,
				BBE057EE1386E2D60082D3BE /* CoreGraphics.framework in Frameworks */,
				BBE057F01386E2D60082D3BE /* CoreData.framework in Frameworks */,
			);
			runOnlyForDeploymentPostprocessing = 0;
		};
		BBE058041386E2D70082D3BE /* Frameworks */ = {
			isa = PBXFrameworksBuildPhase;
			buildActionMask = 2147483647;
			files = (
				BBE058091386E2D70082D3BE /* UIKit.framework in Frameworks */,
				BBE0580A1386E2D70082D3BE /* Foundation.framework in Frameworks */,
				BBE0580B1386E2D70082D3BE /* CoreGraphics.framework in Frameworks */,
				BBE0580C1386E2D70082D3BE /* CoreData.framework in Frameworks */,
			);
			runOnlyForDeploymentPostprocessing = 0;
		};
/* End PBXFrameworksBuildPhase section */

/* Begin PBXGroup section */
		BBB9E04413874AD200567AD4 /* ASIHTTPRequest */ = {
			isa = PBXGroup;
			children = (
				BBB9E04613874AF100567AD4 /* External */,
				BBB9E04513874AE100567AD4 /* Classes */,
			);
			name = ASIHTTPRequest;
			sourceTree = "<group>";
		};
		BBB9E04513874AE100567AD4 /* Classes */ = {
			isa = PBXGroup;
			children = (
				BBB9E04713874B0000567AD4 /* ASIAuthenticationDialog.h */,
				BBB9E04813874B0000567AD4 /* ASIAuthenticationDialog.m */,
				BBB9E04913874B0000567AD4 /* ASICacheDelegate.h */,
				BBB9E04A13874B0000567AD4 /* ASIDataCompressor.h */,
				BBB9E04B13874B0000567AD4 /* ASIDataCompressor.m */,
				BBB9E04C13874B0000567AD4 /* ASIDataDecompressor.h */,
				BBB9E04D13874B0000567AD4 /* ASIDataDecompressor.m */,
				BBB9E04E13874B0000567AD4 /* ASIDownloadCache.h */,
				BBB9E04F13874B0000567AD4 /* ASIDownloadCache.m */,
				BBB9E05013874B0000567AD4 /* ASIFormDataRequest.h */,
				BBB9E05113874B0000567AD4 /* ASIFormDataRequest.m */,
				BBB9E05213874B0000567AD4 /* ASIHTTPRequest.h */,
				BBB9E05313874B0000567AD4 /* ASIHTTPRequest.m */,
				BBB9E05413874B0000567AD4 /* ASIHTTPRequestConfig.h */,
				BBB9E05513874B0000567AD4 /* ASIHTTPRequestDelegate.h */,
				BBB9E05613874B0000567AD4 /* ASIInputStream.h */,
				BBB9E05713874B0000567AD4 /* ASIInputStream.m */,
				BBB9E05813874B0000567AD4 /* ASINetworkQueue.h */,
				BBB9E05913874B0000567AD4 /* ASINetworkQueue.m */,
				BBB9E05A13874B0000567AD4 /* ASIProgressDelegate.h */,
			);
			name = Classes;
			sourceTree = "<group>";
		};
		BBB9E04613874AF100567AD4 /* External */ = {
			isa = PBXGroup;
			children = (
				BBB9E06313874B1600567AD4 /* Reachability */,
			);
			name = External;
			sourceTree = "<group>";
		};
		BBB9E06313874B1600567AD4 /* Reachability */ = {
			isa = PBXGroup;
			children = (
				BBB9E06413874B1600567AD4 /* Reachability.h */,
				BBB9E06513874B1600567AD4 /* Reachability.m */,
			);
			path = Reachability;
			sourceTree = "<group>";
		};
		BBB9E06713874B3500567AD4 /* JSON */ = {
			isa = PBXGroup;
			children = (
				BBB9E06813874B3500567AD4 /* JSON.h */,
				BBB9E06913874B3500567AD4 /* NSObject+JSON.h */,
				BBB9E06A13874B3500567AD4 /* NSObject+JSON.m */,
				BBB9E06B13874B3500567AD4 /* SBJsonParser.h */,
				BBB9E06C13874B3500567AD4 /* SBJsonParser.m */,
				BBB9E06D13874B3500567AD4 /* SBJsonStreamParser.h */,
				BBB9E06E13874B3500567AD4 /* SBJsonStreamParser.m */,
				BBB9E06F13874B3500567AD4 /* SBJsonStreamParserAdapter.h */,
				BBB9E07013874B3500567AD4 /* SBJsonStreamParserAdapter.m */,
				BBB9E07113874B3500567AD4 /* SBJsonStreamParserState.h */,
				BBB9E07213874B3500567AD4 /* SBJsonStreamParserState.m */,
				BBB9E07313874B3500567AD4 /* SBJsonStreamWriter.h */,
				BBB9E07413874B3500567AD4 /* SBJsonStreamWriter.m */,
				BBB9E07513874B3500567AD4 /* SBJsonStreamWriterState.h */,
				BBB9E07613874B3500567AD4 /* SBJsonStreamWriterState.m */,
				BBB9E07713874B3500567AD4 /* SBJsonTokeniser.h */,
				BBB9E07813874B3500567AD4 /* SBJsonTokeniser.m */,
				BBB9E07913874B3500567AD4 /* SBJsonWriter.h */,
				BBB9E07A13874B3500567AD4 /* SBJsonWriter.m */,
			);
			path = JSON;
			sourceTree = "<group>";
		};
		BBCDA81313D9F7FC00E98F00 /* SDWebImage */ = {
			isa = PBXGroup;
			children = (
				BBCDA81413D9F81100E98F00 /* SDImageCache.h */,
				BBCDA81513D9F81100E98F00 /* SDImageCache.m */,
				BBCDA81613D9F81100E98F00 /* SDImageCacheDelegate.h */,
				BBCDA81713D9F81100E98F00 /* SDWebImageCompat.h */,
				BBCDA81813D9F81100E98F00 /* SDWebImageDownloader.h */,
				BBCDA81913D9F81100E98F00 /* SDWebImageDownloader.m */,
				BBCDA81A13D9F81100E98F00 /* SDWebImageDownloaderDelegate.h */,
				BBCDA81B13D9F81100E98F00 /* SDWebImageManager.h */,
				BBCDA81C13D9F81100E98F00 /* SDWebImageManager.m */,
				BBCDA81D13D9F81100E98F00 /* SDWebImageManagerDelegate.h */,
				BBCDA81E13D9F81100E98F00 /* UIImageView+WebCache.h */,
				BBCDA81F13D9F81100E98F00 /* UIImageView+WebCache.m */,
			);
			name = SDWebImage;
			sourceTree = "<group>";
		};
		BBE057DA1386E2D60082D3BE = {
			isa = PBXGroup;
			children = (
				BB87EAD813E3681D00CDF37C /* CoreLocation.framework */,
				BB87EAD613E367D300CDF37C /* CoreLocation.framework */,
				BBB3DA0713E344A7004C500F /* MapKit.framework */,
				BB3ACD0E138DCADA00F238A3 /* MediaPlayer.framework */,
				BBE058411386E3960082D3BE /* provisionallogo_retina.png */,
				BBE0583F1386E3900082D3BE /* provisionallogo.png */,
				BBE057F11386E2D60082D3BE /* OpenDocent */,
				BBE0580F1386E2D70082D3BE /* OpenDocentTests */,
				BBE057E81386E2D60082D3BE /* Frameworks */,
				BBE057E61386E2D60082D3BE /* Products */,
			);
			sourceTree = "<group>";
		};
		BBE057E61386E2D60082D3BE /* Products */ = {
			isa = PBXGroup;
			children = (
				BBE057E51386E2D60082D3BE /* OpenDocent.app */,
				BBE058081386E2D70082D3BE /* OpenDocentTests.octest */,
			);
			name = Products;
			sourceTree = "<group>";
		};
		BBE057E81386E2D60082D3BE /* Frameworks */ = {
			isa = PBXGroup;
			children = (
				BBCDA81313D9F7FC00E98F00 /* SDWebImage */,
				BB9A4A28138C8B3500FF23DA /* SSTableViewCell.h */,
				BB9A4A29138C8B3500FF23DA /* SSTableViewCell.m */,
				BBB9E08A13874B9A00567AD4 /* libz.1.2.3.dylib */,
				BBB9E08813874B8800567AD4 /* MobileCoreServices.framework */,
				BBB9E08613874B7700567AD4 /* SystemConfiguration.framework */,
				BBB9E08413874B5D00567AD4 /* CFNetwork.framework */,
				BBB9E06713874B3500567AD4 /* JSON */,
				BBB9E04413874AD200567AD4 /* ASIHTTPRequest */,
				BBE057E91386E2D60082D3BE /* UIKit.framework */,
				BBE057EB1386E2D60082D3BE /* Foundation.framework */,
				BBE057ED1386E2D60082D3BE /* CoreGraphics.framework */,
				BBE057EF1386E2D60082D3BE /* CoreData.framework */,
			);
			name = Frameworks;
			sourceTree = "<group>";
		};
		BBE057F11386E2D60082D3BE /* OpenDocent */ = {
			isa = PBXGroup;
			children = (
				BBC6EA4D1386E76D005ABA45 /* ArtPieceDetailController.h */,
				BBC6EA531386E78F005ABA45 /* ArtPieceDetailController.m */,
				BB3ACD0A138DCA8E00F238A3 /* OpenDocentCameraController.h */,
				BB3ACD0B138DCA8E00F238A3 /* OpenDocentCameraController.m */,
				BBC6EA4E1386E76D005ABA45 /* ArtPiecesViewController.h */,
				BBC6EA4F1386E76D005ABA45 /* ArtPiecesViewController.m */,
				BB9A4A2B138C8BEE00FF23DA /* ArtPieceTableViewCell.h */,
				BB9A4A2C138C8BEE00FF23DA /* ArtPieceTableViewCell.m */,
				BB4EC2BC13A2C86E0007DD24 /* ArtPieceImageLoader.h */,
				BB87F71613E3281000B32663 /* PieceImage.h */,
				BB87F71713E3281000B32663 /* PieceImage.m */,
				BB87F71313E3281000B32663 /* ArtPiece.h */,
				BB87F71413E3281000B32663 /* ArtPiece.m */,
				BB4EC2BD13A2C86E0007DD24 /* ArtPieceImageLoader.m */,
				BBE057FA1386E2D60082D3BE /* OpenDocentAppDelegate.h */,
				BBE057FB1386E2D60082D3BE /* OpenDocentAppDelegate.m */,
				BBE057FD1386E2D70082D3BE /* MainWindow.xib */,
				BBE058001386E2D70082D3BE /* OpenDocent.xcdatamodeld */,
				BBE057F21386E2D60082D3BE /* Supporting Files */,
				BB87F72413E3343700B32663 /* MapViewController.h */,
				BB87EAD413E3506400CDF37C /* MapViewController.xib */,
				BB87F72513E3343700B32663 /* MapViewController.m */,
				BB87EAE213E36F1300CDF37C /* ArtPieceAnnotation.h */,
				BB87EAE313E36F1300CDF37C /* ArtPieceAnnotation.m */,
			);
			path = OpenDocent;
			sourceTree = "<group>";
		};
		BBE057F21386E2D60082D3BE /* Supporting Files */ = {
			isa = PBXGroup;
			children = (
				BB1BE85F13AAE76A0093BAA9 /* provisionalloading.png */,
				BBE0582B1386E3750082D3BE /* 11-x.png */,
				BBE0582C1386E3750082D3BE /* 19-check.png */,
				BBE0582D1386E3750082D3BE /* 103-map.png */,
				BBE0582E1386E3750082D3BE /* 121-landscape.png */,
				BBE0582F1386E3750082D3BE /* 122-stats.png */,
				BBE058301386E3750082D3BE /* 168-upload-photo-2.png */,
				BBE058311386E3750082D3BE /* Default@2x.png */,
				BBE058321386E3750082D3BE /* Default.png */,
				BBE058331386E3750082D3BE /* provisionallogo_retina.png */,
				BBE058341386E3750082D3BE /* provisionallogo.png */,
				BBE057F31386E2D60082D3BE /* OpenDocent-Info.plist */,
				BBE057F41386E2D60082D3BE /* InfoPlist.strings */,
				BBE057F71386E2D60082D3BE /* OpenDocent-Prefix.pch */,
				BBE057F81386E2D60082D3BE /* main.m */,
			);
			name = "Supporting Files";
			sourceTree = "<group>";
		};
		BBE0580F1386E2D70082D3BE /* OpenDocentTests */ = {
			isa = PBXGroup;
			children = (
				BBE058161386E2D70082D3BE /* OpenDocentTests.h */,
				BBE058181386E2D70082D3BE /* OpenDocentTests.m */,
				BBE058101386E2D70082D3BE /* Supporting Files */,
				BBB3DA0913E3475D004C500F /* MapViewControllerTests.h */,
				BBB3DA0A13E3475D004C500F /* MapViewControllerTests.m */,
			);
			path = OpenDocentTests;
			sourceTree = "<group>";
		};
		BBE058101386E2D70082D3BE /* Supporting Files */ = {
			isa = PBXGroup;
			children = (
				BBE058111386E2D70082D3BE /* OpenDocentTests-Info.plist */,
				BBE058121386E2D70082D3BE /* InfoPlist.strings */,
				BBE058151386E2D70082D3BE /* OpenDocentTests-Prefix.pch */,
			);
			name = "Supporting Files";
			sourceTree = "<group>";
		};
/* End PBXGroup section */

/* Begin PBXNativeTarget section */
		BBE057E41386E2D60082D3BE /* OpenDocent */ = {
			isa = PBXNativeTarget;
			buildConfigurationList = BBE0581C1386E2D70082D3BE /* Build configuration list for PBXNativeTarget "OpenDocent" */;
			buildPhases = (
				BBE057E11386E2D60082D3BE /* Sources */,
				BBE057E21386E2D60082D3BE /* Frameworks */,
				BBE057E31386E2D60082D3BE /* Resources */,
			);
			buildRules = (
			);
			dependencies = (
			);
			name = OpenDocent;
			productName = OpenDocent;
			productReference = BBE057E51386E2D60082D3BE /* OpenDocent.app */;
			productType = "com.apple.product-type.application";
		};
		BBE058071386E2D70082D3BE /* OpenDocentTests */ = {
			isa = PBXNativeTarget;
			buildConfigurationList = BBE0581F1386E2D70082D3BE /* Build configuration list for PBXNativeTarget "OpenDocentTests" */;
			buildPhases = (
				BBE058031386E2D70082D3BE /* Sources */,
				BBE058041386E2D70082D3BE /* Frameworks */,
				BBE058051386E2D70082D3BE /* Resources */,
				BBE058061386E2D70082D3BE /* ShellScript */,
			);
			buildRules = (
			);
			dependencies = (
				BBE0580E1386E2D70082D3BE /* PBXTargetDependency */,
			);
			name = OpenDocentTests;
			productName = OpenDocentTests;
			productReference = BBE058081386E2D70082D3BE /* OpenDocentTests.octest */;
			productType = "com.apple.product-type.bundle";
		};
/* End PBXNativeTarget section */

/* Begin PBXProject section */
		BBE057DC1386E2D60082D3BE /* Project object */ = {
			isa = PBXProject;
			buildConfigurationList = BBE057DF1386E2D60082D3BE /* Build configuration list for PBXProject "OpenDocent" */;
			compatibilityVersion = "Xcode 3.2";
			developmentRegion = English;
			hasScannedForEncodings = 0;
			knownRegions = (
				en,
			);
			mainGroup = BBE057DA1386E2D60082D3BE;
			productRefGroup = BBE057E61386E2D60082D3BE /* Products */;
			projectDirPath = "";
			projectRoot = "";
			targets = (
				BBE057E41386E2D60082D3BE /* OpenDocent */,
				BBE058071386E2D70082D3BE /* OpenDocentTests */,
			);
		};
/* End PBXProject section */

/* Begin PBXResourcesBuildPhase section */
		BBE057E31386E2D60082D3BE /* Resources */ = {
			isa = PBXResourcesBuildPhase;
			buildActionMask = 2147483647;
			files = (
				BBE057F61386E2D60082D3BE /* InfoPlist.strings in Resources */,
				BBE057FF1386E2D70082D3BE /* MainWindow.xib in Resources */,
				BBE058351386E3750082D3BE /* 11-x.png in Resources */,
				BBE058361386E3750082D3BE /* 19-check.png in Resources */,
				BBE058371386E3750082D3BE /* 103-map.png in Resources */,
				BBE058381386E3750082D3BE /* 121-landscape.png in Resources */,
				BBE058391386E3750082D3BE /* 122-stats.png in Resources */,
				BBE0583A1386E3750082D3BE /* 168-upload-photo-2.png in Resources */,
				BBE0583B1386E3750082D3BE /* Default@2x.png in Resources */,
				BBE0583C1386E3750082D3BE /* Default.png in Resources */,
				BBE0583D1386E3750082D3BE /* provisionallogo_retina.png in Resources */,
				BBE0583E1386E3750082D3BE /* provisionallogo.png in Resources */,
				BBE058401386E3900082D3BE /* provisionallogo.png in Resources */,
				BBE058421386E3960082D3BE /* provisionallogo_retina.png in Resources */,
				BB1BE86013AAE76A0093BAA9 /* provisionalloading.png in Resources */,
				BB87EAD513E3506400CDF37C /* MapViewController.xib in Resources */,
			);
			runOnlyForDeploymentPostprocessing = 0;
		};
		BBE058051386E2D70082D3BE /* Resources */ = {
			isa = PBXResourcesBuildPhase;
			buildActionMask = 2147483647;
			files = (
				BBE058141386E2D70082D3BE /* InfoPlist.strings in Resources */,
				BBE058171386E2D70082D3BE /* OpenDocentTests.h in Resources */,
			);
			runOnlyForDeploymentPostprocessing = 0;
		};
/* End PBXResourcesBuildPhase section */

/* Begin PBXShellScriptBuildPhase section */
		BBE058061386E2D70082D3BE /* ShellScript */ = {
			isa = PBXShellScriptBuildPhase;
			buildActionMask = 2147483647;
			files = (
			);
			inputPaths = (
			);
			outputPaths = (
			);
			runOnlyForDeploymentPostprocessing = 0;
			shellPath = /bin/sh;
			shellScript = "# Run the unit tests in this test bundle.\n\"${SYSTEM_DEVELOPER_DIR}/Tools/RunUnitTests\"\n";
		};
/* End PBXShellScriptBuildPhase section */

/* Begin PBXSourcesBuildPhase section */
		BBE057E11386E2D60082D3BE /* Sources */ = {
			isa = PBXSourcesBuildPhase;
			buildActionMask = 2147483647;
			files = (
				BBE057F91386E2D60082D3BE /* main.m in Sources */,
				BBE057FC1386E2D60082D3BE /* OpenDocentAppDelegate.m in Sources */,
				BBE058021386E2D70082D3BE /* OpenDocent.xcdatamodeld in Sources */,
				BBC6EA511386E76D005ABA45 /* ArtPiecesViewController.m in Sources */,
				BBC6EA541386E78F005ABA45 /* ArtPieceDetailController.m in Sources */,
				BBB9E05B13874B0000567AD4 /* ASIAuthenticationDialog.m in Sources */,
				BBB9E05C13874B0000567AD4 /* ASIDataCompressor.m in Sources */,
				BBB9E05D13874B0000567AD4 /* ASIDataDecompressor.m in Sources */,
				BBB9E05E13874B0000567AD4 /* ASIDownloadCache.m in Sources */,
				BBB9E05F13874B0000567AD4 /* ASIFormDataRequest.m in Sources */,
				BBB9E06013874B0000567AD4 /* ASIHTTPRequest.m in Sources */,
				BBB9E06113874B0000567AD4 /* ASIInputStream.m in Sources */,
				BBB9E06213874B0000567AD4 /* ASINetworkQueue.m in Sources */,
				BBB9E06613874B1600567AD4 /* Reachability.m in Sources */,
				BBB9E07B13874B3500567AD4 /* NSObject+JSON.m in Sources */,
				BBB9E07C13874B3500567AD4 /* SBJsonParser.m in Sources */,
				BBB9E07D13874B3500567AD4 /* SBJsonStreamParser.m in Sources */,
				BBB9E07E13874B3500567AD4 /* SBJsonStreamParserAdapter.m in Sources */,
				BBB9E07F13874B3500567AD4 /* SBJsonStreamParserState.m in Sources */,
				BBB9E08013874B3500567AD4 /* SBJsonStreamWriter.m in Sources */,
				BBB9E08113874B3500567AD4 /* SBJsonStreamWriterState.m in Sources */,
				BBB9E08213874B3500567AD4 /* SBJsonTokeniser.m in Sources */,
				BBB9E08313874B3500567AD4 /* SBJsonWriter.m in Sources */,
				BB9A4A2A138C8B3500FF23DA /* SSTableViewCell.m in Sources */,
				BB9A4A2D138C8BEF00FF23DA /* ArtPieceTableViewCell.m in Sources */,
				BB3ACD0C138DCA8E00F238A3 /* OpenDocentCameraController.m in Sources */,
				BB4EC2BE13A2C86E0007DD24 /* ArtPieceImageLoader.m in Sources */,
				BBCDA82013D9F81100E98F00 /* SDImageCache.m in Sources */,
				BBCDA82113D9F81100E98F00 /* SDWebImageDownloader.m in Sources */,
				BBCDA82213D9F81100E98F00 /* SDWebImageManager.m in Sources */,
				BBCDA82313D9F81100E98F00 /* UIImageView+WebCache.m in Sources */,
				BB87F71513E3281000B32663 /* ArtPiece.m in Sources */,
				BB87F71813E3281000B32663 /* PieceImage.m in Sources */,
				BB87F72613E3343800B32663 /* MapViewController.m in Sources */,
				BB87EAE413E36F1300CDF37C /* ArtPieceAnnotation.m in Sources */,
			);
			runOnlyForDeploymentPostprocessing = 0;
		};
		BBE058031386E2D70082D3BE /* Sources */ = {
			isa = PBXSourcesBuildPhase;
			buildActionMask = 2147483647;
			files = (
				BBE058191386E2D70082D3BE /* OpenDocentTests.m in Sources */,
				BB87EAD313E34A2600CDF37C /* MapViewControllerTests.m in Sources */,
			);
			runOnlyForDeploymentPostprocessing = 0;
		};
/* End PBXSourcesBuildPhase section */

/* Begin PBXTargetDependency section */
		BBE0580E1386E2D70082D3BE /* PBXTargetDependency */ = {
			isa = PBXTargetDependency;
			target = BBE057E41386E2D60082D3BE /* OpenDocent */;
			targetProxy = BBE0580D1386E2D70082D3BE /* PBXContainerItemProxy */;
		};
/* End PBXTargetDependency section */

/* Begin PBXVariantGroup section */
		BBE057F41386E2D60082D3BE /* InfoPlist.strings */ = {
			isa = PBXVariantGroup;
			children = (
				BBE057F51386E2D60082D3BE /* en */,
			);
			name = InfoPlist.strings;
			sourceTree = "<group>";
		};
		BBE057FD1386E2D70082D3BE /* MainWindow.xib */ = {
			isa = PBXVariantGroup;
			children = (
				BBE057FE1386E2D70082D3BE /* en */,
			);
			name = MainWindow.xib;
			sourceTree = "<group>";
		};
		BBE058121386E2D70082D3BE /* InfoPlist.strings */ = {
			isa = PBXVariantGroup;
			children = (
				BBE058131386E2D70082D3BE /* en */,
			);
			name = InfoPlist.strings;
			sourceTree = "<group>";
		};
/* End PBXVariantGroup section */

/* Begin XCBuildConfiguration section */
		BBE0581A1386E2D70082D3BE /* Debug */ = {
			isa = XCBuildConfiguration;
			buildSettings = {
				ARCHS = "$(ARCHS_STANDARD_32_BIT)";
				"CODE_SIGN_IDENTITY[sdk=iphoneos*]" = "iPhone Developer";
				GCC_C_LANGUAGE_STANDARD = gnu99;
				GCC_OPTIMIZATION_LEVEL = 0;
				GCC_PREPROCESSOR_DEFINITIONS = DEBUG;
				GCC_SYMBOLS_PRIVATE_EXTERN = NO;
				GCC_VERSION = com.apple.compilers.llvmgcc42;
				GCC_WARN_ABOUT_RETURN_TYPE = YES;
				GCC_WARN_UNUSED_VARIABLE = YES;
				IPHONEOS_DEPLOYMENT_TARGET = 4.3;
				SDKROOT = iphoneos;
			};
			name = Debug;
		};
		BBE0581B1386E2D70082D3BE /* Release */ = {
			isa = XCBuildConfiguration;
			buildSettings = {
				ARCHS = "$(ARCHS_STANDARD_32_BIT)";
				"CODE_SIGN_IDENTITY[sdk=iphoneos*]" = "iPhone Developer";
				GCC_C_LANGUAGE_STANDARD = gnu99;
				GCC_VERSION = com.apple.compilers.llvmgcc42;
				GCC_WARN_ABOUT_RETURN_TYPE = YES;
				GCC_WARN_UNUSED_VARIABLE = YES;
				IPHONEOS_DEPLOYMENT_TARGET = 4.3;
				OTHER_CFLAGS = "-DNS_BLOCK_ASSERTIONS=1";
				SDKROOT = iphoneos;
			};
			name = Release;
		};
		BBE0581D1386E2D70082D3BE /* Debug */ = {
			isa = XCBuildConfiguration;
			buildSettings = {
				ALWAYS_SEARCH_USER_PATHS = NO;
				COPY_PHASE_STRIP = NO;
				GCC_DYNAMIC_NO_PIC = NO;
				GCC_PRECOMPILE_PREFIX_HEADER = YES;
				GCC_PREFIX_HEADER = "OpenDocent/OpenDocent-Prefix.pch";
				INFOPLIST_FILE = "OpenDocent/OpenDocent-Info.plist";
				PRODUCT_NAME = "$(TARGET_NAME)";
				WRAPPER_EXTENSION = app;
			};
			name = Debug;
		};
		BBE0581E1386E2D70082D3BE /* Release */ = {
			isa = XCBuildConfiguration;
			buildSettings = {
				ALWAYS_SEARCH_USER_PATHS = NO;
				COPY_PHASE_STRIP = YES;
				GCC_PRECOMPILE_PREFIX_HEADER = YES;
				GCC_PREFIX_HEADER = "OpenDocent/OpenDocent-Prefix.pch";
				INFOPLIST_FILE = "OpenDocent/OpenDocent-Info.plist";
				PRODUCT_NAME = "$(TARGET_NAME)";
				VALIDATE_PRODUCT = YES;
				WRAPPER_EXTENSION = app;
			};
			name = Release;
		};
		BBE058201386E2D70082D3BE /* Debug */ = {
			isa = XCBuildConfiguration;
			buildSettings = {
				ALWAYS_SEARCH_USER_PATHS = NO;
				BUNDLE_LOADER = "$(BUILT_PRODUCTS_DIR)/OpenDocent.app/OpenDocent";
				FRAMEWORK_SEARCH_PATHS = (
					"$(SDKROOT)/Developer/Library/Frameworks",
					"$(DEVELOPER_LIBRARY_DIR)/Frameworks",
				);
				GCC_PRECOMPILE_PREFIX_HEADER = YES;
				GCC_PREFIX_HEADER = "OpenDocentTests/OpenDocentTests-Prefix.pch";
				INFOPLIST_FILE = "OpenDocentTests/OpenDocentTests-Info.plist";
				OTHER_LDFLAGS = (
					"-framework",
					SenTestingKit,
				);
				PRODUCT_NAME = "$(TARGET_NAME)";
				TEST_HOST = "$(BUNDLE_LOADER)";
				WRAPPER_EXTENSION = octest;
			};
			name = Debug;
		};
		BBE058211386E2D70082D3BE /* Release */ = {
			isa = XCBuildConfiguration;
			buildSettings = {
				ALWAYS_SEARCH_USER_PATHS = NO;
				BUNDLE_LOADER = "$(BUILT_PRODUCTS_DIR)/OpenDocent.app/OpenDocent";
				FRAMEWORK_SEARCH_PATHS = (
					"$(SDKROOT)/Developer/Library/Frameworks",
					"$(DEVELOPER_LIBRARY_DIR)/Frameworks",
				);
				GCC_PRECOMPILE_PREFIX_HEADER = YES;
				GCC_PREFIX_HEADER = "OpenDocentTests/OpenDocentTests-Prefix.pch";
				INFOPLIST_FILE = "OpenDocentTests/OpenDocentTests-Info.plist";
				OTHER_LDFLAGS = (
					"-framework",
					SenTestingKit,
				);
				PRODUCT_NAME = "$(TARGET_NAME)";
				TEST_HOST = "$(BUNDLE_LOADER)";
				WRAPPER_EXTENSION = octest;
			};
			name = Release;
		};
/* End XCBuildConfiguration section */

/* Begin XCConfigurationList section */
		BBE057DF1386E2D60082D3BE /* Build configuration list for PBXProject "OpenDocent" */ = {
			isa = XCConfigurationList;
			buildConfigurations = (
				BBE0581A1386E2D70082D3BE /* Debug */,
				BBE0581B1386E2D70082D3BE /* Release */,
			);
			defaultConfigurationIsVisible = 0;
			defaultConfigurationName = Release;
		};
		BBE0581C1386E2D70082D3BE /* Build configuration list for PBXNativeTarget "OpenDocent" */ = {
			isa = XCConfigurationList;
			buildConfigurations = (
				BBE0581D1386E2D70082D3BE /* Debug */,
				BBE0581E1386E2D70082D3BE /* Release */,
			);
			defaultConfigurationIsVisible = 0;
			defaultConfigurationName = Release;
		};
		BBE0581F1386E2D70082D3BE /* Build configuration list for PBXNativeTarget "OpenDocentTests" */ = {
			isa = XCConfigurationList;
			buildConfigurations = (
				BBE058201386E2D70082D3BE /* Debug */,
				BBE058211386E2D70082D3BE /* Release */,
			);
			defaultConfigurationIsVisible = 0;
			defaultConfigurationName = Release;
		};
/* End XCConfigurationList section */

/* Begin XCVersionGroup section */
		BBE058001386E2D70082D3BE /* OpenDocent.xcdatamodeld */ = {
			isa = XCVersionGroup;
			children = (
				BBE058011386E2D70082D3BE /* OpenDocent.xcdatamodel */,
			);
			currentVersion = BBE058011386E2D70082D3BE /* OpenDocent.xcdatamodel */;
			path = OpenDocent.xcdatamodeld;
			sourceTree = "<group>";
			versionGroupType = wrapper.xcdatamodel;
		};
/* End XCVersionGroup section */
	};
	rootObject = BBE057DC1386E2D60082D3BE /* Project object */;
}
